
Microsoft Visual Studio Solution File, Format Version 12.00
# Visual Studio Version 17
VisualStudioVersion = 17.14.36616.10 d17.14
MinimumVisualStudioVersion = 10.0.40219.1
Project("{FAE04EC0-301F-11D3-BF4B-00C04F79EFBC}") = "MathsOperation", "MathsOperation.csproj", "{18AC0D39-6711-4D2D-9B8E-6CE6AD7ACB7A}"
EndProject
Global
	GlobalSection(SolutionConfigurationPlatforms) = preSolution
		Debug|Any CPU = Debug|Any CPU
		Release|Any CPU = Release|Any CPU
	EndGlobalSection
	GlobalSection(ProjectConfigurationPlatforms) = postSolution
		{18AC0D39-6711-4D2D-9B8E-6CE6AD7ACB7A}.Debug|Any CPU.ActiveCfg = Debug|Any CPU
		{18AC0D39-6711-4D2D-9B8E-6CE6AD7ACB7A}.Debug|Any CPU.Build.0 = Debug|Any CPU
		{18AC0D39-6711-4D2D-9B8E-6CE6AD7ACB7A}.Release|Any CPU.ActiveCfg = Release|Any CPU
		{18AC0D39-6711-4D2D-9B8E-6CE6AD7ACB7A}.Release|Any CPU.Build.0 = Release|Any CPU
	EndGlobalSection
	GlobalSection(SolutionProperties) = preSolution
		HideSolutionNode = FALSE
	EndGlobalSection
	GlobalSection(ExtensibilityGlobals) = postSolution
		SolutionGuid = {78535B1A-9380-4533-96DF-8C31136A619F}
	EndGlobalSection
EndGlobal
