
Microsoft Visual Studio Solution File, Format Version 12.00
# Visual Studio Version 17
VisualStudioVersion = 17.14.36705.20 d17.14
MinimumVisualStudioVersion = 10.0.40219.1
Project("{FAE04EC0-301F-11D3-BF4B-00C04F79EFBC}") = "ConsoleAppAssignment", "ConsoleAppAssignment.csproj", "{87705108-FBE8-4B9A-BE0D-DC3F626C7601}"
EndProject
Project("{FAE04EC0-301F-11D3-BF4B-00C04F79EFBC}") = "BooleanComparison", "..\BooleanComparison\BooleanComparison.csproj", "{6C979768-E63F-48B8-A345-976E16306E40}"
EndProject
Global
	GlobalSection(SolutionConfigurationPlatforms) = preSolution
		Debug|Any CPU = Debug|Any CPU
		Release|Any CPU = Release|Any CPU
	EndGlobalSection
	GlobalSection(ProjectConfigurationPlatforms) = postSolution
		{87705108-FBE8-4B9A-BE0D-DC3F626C7601}.Debug|Any CPU.ActiveCfg = Debug|Any CPU
		{87705108-FBE8-4B9A-BE0D-DC3F626C7601}.Debug|Any CPU.Build.0 = Debug|Any CPU
		{87705108-FBE8-4B9A-BE0D-DC3F626C7601}.Release|Any CPU.ActiveCfg = Release|Any CPU
		{87705108-FBE8-4B9A-BE0D-DC3F626C7601}.Release|Any CPU.Build.0 = Release|Any CPU
		{6C979768-E63F-48B8-A345-976E16306E40}.Debug|Any CPU.ActiveCfg = Debug|Any CPU
		{6C979768-E63F-48B8-A345-976E16306E40}.Debug|Any CPU.Build.0 = Debug|Any CPU
		{6C979768-E63F-48B8-A345-976E16306E40}.Release|Any CPU.ActiveCfg = Release|Any CPU
		{6C979768-E63F-48B8-A345-976E16306E40}.Release|Any CPU.Build.0 = Release|Any CPU
	EndGlobalSection
	GlobalSection(SolutionProperties) = preSolution
		HideSolutionNode = FALSE
	EndGlobalSection
	GlobalSection(ExtensibilityGlobals) = postSolution
		SolutionGuid = {2E748230-ED21-4D5A-B11C-BD1B5FF6AEEF}
	EndGlobalSection
EndGlobal
