
Microsoft Visual Studio Solution File, Format Version 12.00
# Visual Studio Version 17
VisualStudioVersion = 17.14.36705.20 d17.14
MinimumVisualStudioVersion = 10.0.40219.1
Project("{FAE04EC0-301F-11D3-BF4B-00C04F79EFBC}") = "ArrayAndList1", "ArrayAndList1.csproj", "{3E52E762-FA56-429D-B839-9602303706DE}"
EndProject
Project("{FAE04EC0-301F-11D3-BF4B-00C04F79EFBC}") = "ArrayAndList2", "..\ArrayAndList2\ArrayAndList2.csproj", "{7D7B5B67-0ED9-4497-AF48-264860928757}"
EndProject
Global
	GlobalSection(SolutionConfigurationPlatforms) = preSolution
		Debug|Any CPU = Debug|Any CPU
		Release|Any CPU = Release|Any CPU
	EndGlobalSection
	GlobalSection(ProjectConfigurationPlatforms) = postSolution
		{3E52E762-FA56-429D-B839-9602303706DE}.Debug|Any CPU.ActiveCfg = Debug|Any CPU
		{3E52E762-FA56-429D-B839-9602303706DE}.Debug|Any CPU.Build.0 = Debug|Any CPU
		{3E52E762-FA56-429D-B839-9602303706DE}.Release|Any CPU.ActiveCfg = Release|Any CPU
		{3E52E762-FA56-429D-B839-9602303706DE}.Release|Any CPU.Build.0 = Release|Any CPU
		{7D7B5B67-0ED9-4497-AF48-264860928757}.Debug|Any CPU.ActiveCfg = Debug|Any CPU
		{7D7B5B67-0ED9-4497-AF48-264860928757}.Debug|Any CPU.Build.0 = Debug|Any CPU
		{7D7B5B67-0ED9-4497-AF48-264860928757}.Release|Any CPU.ActiveCfg = Release|Any CPU
		{7D7B5B67-0ED9-4497-AF48-264860928757}.Release|Any CPU.Build.0 = Release|Any CPU
	EndGlobalSection
	GlobalSection(SolutionProperties) = preSolution
		HideSolutionNode = FALSE
	EndGlobalSection
	GlobalSection(ExtensibilityGlobals) = postSolution
		SolutionGuid = {223223E4-3DDE-4D2A-AED1-2559319FD80A}
	EndGlobalSection
EndGlobal
